
Microsoft Visual Studio Solution File, Format Version 12.00
# Visual Studio 2012
Project("{FAE04EC0-301F-11D3-BF4B-00C04F79EFBC}") = "Request.Net", "Request.Net\Request.Net.csproj", "{D6E142C9-8A27-4657-A534-D2BFFEB2116F}"
EndProject
Global
	GlobalSection(SolutionConfigurationPlatforms) = preSolution
		Debug|Any CPU = Debug|Any CPU
		Release|Any CPU = Release|Any CPU
	EndGlobalSection
	GlobalSection(ProjectConfigurationPlatforms) = postSolution
		{D6E142C9-8A27-4657-A534-D2BFFEB2116F}.Debug|Any CPU.ActiveCfg = Debug|Any CPU
		{D6E142C9-8A27-4657-A534-D2BFFEB2116F}.Debug|Any CPU.Build.0 = Debug|Any CPU
		{D6E142C9-8A27-4657-A534-D2BFFEB2116F}.Release|Any CPU.ActiveCfg = Release|Any CPU
		{D6E142C9-8A27-4657-A534-D2BFFEB2116F}.Release|Any CPU.Build.0 = Release|Any CPU
	EndGlobalSection
EndGlobal
